
Microsoft Visual Studio Solution File, Format Version 12.00
# Visual Studio 2012
Project("{FAE04EC0-301F-11D3-BF4B-00C04F79EFBC}") = "ProtectedBasicApp", "ProtectedBasicApp\ProtectedBasicApp.csproj", "{0EDDEAB6-CCB2-46C7-AB53-DF166F7E168D}"
EndProject
Global
	GlobalSection(SolutionConfigurationPlatforms) = preSolution
		Debug|Any CPU = Debug|Any CPU
		Release|Any CPU = Release|Any CPU
	EndGlobalSection
	GlobalSection(ProjectConfigurationPlatforms) = postSolution
		{0EDDEAB6-CCB2-46C7-AB53-DF166F7E168D}.Debug|Any CPU.ActiveCfg = Debug|Any CPU
		{0EDDEAB6-CCB2-46C7-AB53-DF166F7E168D}.Debug|Any CPU.Build.0 = Debug|Any CPU
		{0EDDEAB6-CCB2-46C7-AB53-DF166F7E168D}.Release|Any CPU.ActiveCfg = Release|Any CPU
		{0EDDEAB6-CCB2-46C7-AB53-DF166F7E168D}.Release|Any CPU.Build.0 = Release|Any CPU
	EndGlobalSection
	GlobalSection(SolutionProperties) = preSolution
		HideSolutionNode = FALSE
	EndGlobalSection
EndGlobal
